// !$*UTF8*$!
{
	archiveVersion = 1;
	classes = {
	};
	objectVersion = 55;
	objects = {

/* Begin PBXBuildFile section */
		3BCDA5FD2880BD6500191591 /* planta_cool_ios_v2App.swift in Sources */ = {isa = PBXBuildFile; fileRef = 3BCDA5FC2880BD6500191591 /* planta_cool_ios_v2App.swift */; };
		3BCDA5FF2880BD6500191591 /* ContentView.swift in Sources */ = {isa = PBXBuildFile; fileRef = 3BCDA5FE2880BD6500191591 /* ContentView.swift */; };
		3BCDA6012880BD6600191591 /* Assets.xcassets in Resources */ = {isa = PBXBuildFile; fileRef = 3BCDA6002880BD6600191591 /* Assets.xcassets */; };
		3BCDA6042880BD6600191591 /* Preview Assets.xcassets in Resources */ = {isa = PBXBuildFile; fileRef = 3BCDA6032880BD6600191591 /* Preview Assets.xcassets */; };
		3BF262972880BDD300E2626B /* GoogleService-Info.plist in Resources */ = {isa = PBXBuildFile; fileRef = 3BF262962880BDD300E2626B /* GoogleService-Info.plist */; };
		3BF2629A2880BFFF00E2626B /* FirebaseAnalytics in Frameworks */ = {isa = PBXBuildFile; productRef = 3BF262992880BFFF00E2626B /* FirebaseAnalytics */; };
		3BF2629C2880BFFF00E2626B /* FirebaseAnalyticsSwift in Frameworks */ = {isa = PBXBuildFile; productRef = 3BF2629B2880BFFF00E2626B /* FirebaseAnalyticsSwift */; };
		3BF2629E2880BFFF00E2626B /* FirebaseAuth in Frameworks */ = {isa = PBXBuildFile; productRef = 3BF2629D2880BFFF00E2626B /* FirebaseAuth */; };
		3BF262A02880BFFF00E2626B /* FirebaseDatabase in Frameworks */ = {isa = PBXBuildFile; productRef = 3BF2629F2880BFFF00E2626B /* FirebaseDatabase */; };
		3BF262A22880C00000E2626B /* FirebaseDatabaseSwift in Frameworks */ = {isa = PBXBuildFile; productRef = 3BF262A12880C00000E2626B /* FirebaseDatabaseSwift */; };
		3BF262A42880C00000E2626B /* FirebaseFirestore in Frameworks */ = {isa = PBXBuildFile; productRef = 3BF262A32880C00000E2626B /* FirebaseFirestore */; };
		3BF262A62880C00000E2626B /* FirebaseFirestoreSwift in Frameworks */ = {isa = PBXBuildFile; productRef = 3BF262A52880C00000E2626B /* FirebaseFirestoreSwift */; };
		3BF262A82880C00000E2626B /* FirebaseStorage in Frameworks */ = {isa = PBXBuildFile; productRef = 3BF262A72880C00000E2626B /* FirebaseStorage */; };
/* End PBXBuildFile section */

/* Begin PBXFileReference section */
		3BCDA5F92880BD6400191591 /* planta-cool-ios-v2.app */ = {isa = PBXFileReference; explicitFileType = wrapper.application; includeInIndex = 0; path = "planta-cool-ios-v2.app"; sourceTree = BUILT_PRODUCTS_DIR; };
		3BCDA5FC2880BD6500191591 /* planta_cool_ios_v2App.swift */ = {isa = PBXFileReference; lastKnownFileType = sourcecode.swift; path = planta_cool_ios_v2App.swift; sourceTree = "<group>"; };
		3BCDA5FE2880BD6500191591 /* ContentView.swift */ = {isa = PBXFileReference; lastKnownFileType = sourcecode.swift; path = ContentView.swift; sourceTree = "<group>"; };
		3BCDA6002880BD6600191591 /* Assets.xcassets */ = {isa = PBXFileReference; lastKnownFileType = folder.assetcatalog; path = Assets.xcassets; sourceTree = "<group>"; };
		3BCDA6032880BD6600191591 /* Preview Assets.xcassets */ = {isa = PBXFileReference; lastKnownFileType = folder.assetcatalog; path = "Preview Assets.xcassets"; sourceTree = "<group>"; };
		3BF262962880BDD300E2626B /* GoogleService-Info.plist */ = {isa = PBXFileReference; fileEncoding = 4; lastKnownFileType = text.plist.xml; path = "GoogleService-Info.plist"; sourceTree = "<group>"; };
/* End PBXFileReference section */

/* Begin PBXFrameworksBuildPhase section */
		3BCDA5F62880BD6400191591 /* Frameworks */ = {
			isa = PBXFrameworksBuildPhase;
			buildActionMask = 2147483647;
			files = (
				3BF262A22880C00000E2626B /* FirebaseDatabaseSwift in Frameworks */,
				3BF2629C2880BFFF00E2626B /* FirebaseAnalyticsSwift in Frameworks */,
				3BF2629E2880BFFF00E2626B /* FirebaseAuth in Frameworks */,
				3BF262A62880C00000E2626B /* FirebaseFirestoreSwift in Frameworks */,
				3BF262A02880BFFF00E2626B /* FirebaseDatabase in Frameworks */,
				3BF262A82880C00000E2626B /* FirebaseStorage in Frameworks */,
				3BF2629A2880BFFF00E2626B /* FirebaseAnalytics in Frameworks */,
				3BF262A42880C00000E2626B /* FirebaseFirestore in Frameworks */,
			);
			runOnlyForDeploymentPostprocessing = 0;
		};
/* End PBXFrameworksBuildPhase section */

/* Begin PBXGroup section */
		3BCDA5F02880BD6400191591 = {
			isa = PBXGroup;
			children = (
				3BCDA5FB2880BD6400191591 /* planta-cool-ios-v2 */,
				3BCDA5FA2880BD6400191591 /* Products */,
			);
			sourceTree = "<group>";
		};
		3BCDA5FA2880BD6400191591 /* Products */ = {
			isa = PBXGroup;
			children = (
				3BCDA5F92880BD6400191591 /* planta-cool-ios-v2.app */,
			);
			name = Products;
			sourceTree = "<group>";
		};
		3BCDA5FB2880BD6400191591 /* planta-cool-ios-v2 */ = {
			isa = PBXGroup;
			children = (
				3BCDA5FC2880BD6500191591 /* planta_cool_ios_v2App.swift */,
				3BCDA5FE2880BD6500191591 /* ContentView.swift */,
				3BCDA6002880BD6600191591 /* Assets.xcassets */,
				3BF262962880BDD300E2626B /* GoogleService-Info.plist */,
				3BCDA6022880BD6600191591 /* Preview Content */,
			);
			path = "planta-cool-ios-v2";
			sourceTree = "<group>";
		};
		3BCDA6022880BD6600191591 /* Preview Content */ = {
			isa = PBXGroup;
			children = (
				3BCDA6032880BD6600191591 /* Preview Assets.xcassets */,
			);
			path = "Preview Content";
			sourceTree = "<group>";
		};
/* End PBXGroup section */

/* Begin PBXNativeTarget section */
		3BCDA5F82880BD6400191591 /* planta-cool-ios-v2 */ = {
			isa = PBXNativeTarget;
			buildConfigurationList = 3BCDA6072880BD6600191591 /* Build configuration list for PBXNativeTarget "planta-cool-ios-v2" */;
			buildPhases = (
				3BCDA5F52880BD6400191591 /* Sources */,
				3BCDA5F62880BD6400191591 /* Frameworks */,
				3BCDA5F72880BD6400191591 /* Resources */,
			);
			buildRules = (
			);
			dependencies = (
			);
			name = "planta-cool-ios-v2";
			packageProductDependencies = (
				3BF262992880BFFF00E2626B /* FirebaseAnalytics */,
				3BF2629B2880BFFF00E2626B /* FirebaseAnalyticsSwift */,
				3BF2629D2880BFFF00E2626B /* FirebaseAuth */,
				3BF2629F2880BFFF00E2626B /* FirebaseDatabase */,
				3BF262A12880C00000E2626B /* FirebaseDatabaseSwift */,
				3BF262A32880C00000E2626B /* FirebaseFirestore */,
				3BF262A52880C00000E2626B /* FirebaseFirestoreSwift */,
				3BF262A72880C00000E2626B /* FirebaseStorage */,
			);
			productName = "planta-cool-ios-v2";
			productReference = 3BCDA5F92880BD6400191591 /* planta-cool-ios-v2.app */;
			productType = "com.apple.product-type.application";
		};
/* End PBXNativeTarget section */

/* Begin PBXProject section */
		3BCDA5F12880BD6400191591 /* Project object */ = {
			isa = PBXProject;
			attributes = {
				BuildIndependentTargetsInParallel = 1;
				LastSwiftUpdateCheck = 1340;
				LastUpgradeCheck = 1340;
				TargetAttributes = {
					3BCDA5F82880BD6400191591 = {
						CreatedOnToolsVersion = 13.4.1;
					};
				};
			};
			buildConfigurationList = 3BCDA5F42880BD6400191591 /* Build configuration list for PBXProject "planta-cool-ios-v2" */;
			compatibilityVersion = "Xcode 13.0";
			developmentRegion = en;
			hasScannedForEncodings = 0;
			knownRegions = (
				en,
				Base,
			);
			mainGroup = 3BCDA5F02880BD6400191591;
			packageReferences = (
				3BF262982880BFFF00E2626B /* XCRemoteSwiftPackageReference "firebase-ios-sdk" */,
			);
			productRefGroup = 3BCDA5FA2880BD6400191591 /* Products */;
			projectDirPath = "";
			projectRoot = "";
			targets = (
				3BCDA5F82880BD6400191591 /* planta-cool-ios-v2 */,
			);
		};
/* End PBXProject section */

/* Begin PBXResourcesBuildPhase section */
		3BCDA5F72880BD6400191591 /* Resources */ = {
			isa = PBXResourcesBuildPhase;
			buildActionMask = 2147483647;
			files = (
				3BCDA6042880BD6600191591 /* Preview Assets.xcassets in Resources */,
				3BCDA6012880BD6600191591 /* Assets.xcassets in Resources */,
				3BF262972880BDD300E2626B /* GoogleService-Info.plist in Resources */,
			);
			runOnlyForDeploymentPostprocessing = 0;
		};
/* End PBXResourcesBuildPhase section */

/* Begin PBXSourcesBuildPhase section */
		3BCDA5F52880BD6400191591 /* Sources */ = {
			isa = PBXSourcesBuildPhase;
			buildActionMask = 2147483647;
			files = (
				3BCDA5FF2880BD6500191591 /* ContentView.swift in Sources */,
				3BCDA5FD2880BD6500191591 /* planta_cool_ios_v2App.swift in Sources */,
			);
			runOnlyForDeploymentPostprocessing = 0;
		};
/* End PBXSourcesBuildPhase section */

/* Begin XCBuildConfiguration section */
		3BCDA6052880BD6600191591 /* Debug */ = {
			isa = XCBuildConfiguration;
			buildSettings = {
				ALWAYS_SEARCH_USER_PATHS = NO;
				CLANG_ANALYZER_NONNULL = YES;
				CLANG_ANALYZER_NUMBER_OBJECT_CONVERSION = YES_AGGRESSIVE;
				CLANG_CXX_LANGUAGE_STANDARD = "gnu++17";
				CLANG_ENABLE_MODULES = YES;
				CLANG_ENABLE_OBJC_ARC = YES;
				CLANG_ENABLE_OBJC_WEAK = YES;
				CLANG_WARN_BLOCK_CAPTURE_AUTORELEASING = YES;
				CLANG_WARN_BOOL_CONVERSION = YES;
				CLANG_WARN_COMMA = YES;
				CLANG_WARN_CONSTANT_CONVERSION = YES;
				CLANG_WARN_DEPRECATED_OBJC_IMPLEMENTATIONS = YES;
				CLANG_WARN_DIRECT_OBJC_ISA_USAGE = YES_ERROR;
				CLANG_WARN_DOCUMENTATION_COMMENTS = YES;
				CLANG_WARN_EMPTY_BODY = YES;
				CLANG_WARN_ENUM_CONVERSION = YES;
				CLANG_WARN_INFINITE_RECURSION = YES;
				CLANG_WARN_INT_CONVERSION = YES;
				CLANG_WARN_NON_LITERAL_NULL_CONVERSION = YES;
				CLANG_WARN_OBJC_IMPLICIT_RETAIN_SELF = YES;
				CLANG_WARN_OBJC_LITERAL_CONVERSION = YES;
				CLANG_WARN_OBJC_ROOT_CLASS = YES_ERROR;
				CLANG_WARN_QUOTED_INCLUDE_IN_FRAMEWORK_HEADER = YES;
				CLANG_WARN_RANGE_LOOP_ANALYSIS = YES;
				CLANG_WARN_STRICT_PROTOTYPES = YES;
				CLANG_WARN_SUSPICIOUS_MOVE = YES;
				CLANG_WARN_UNGUARDED_AVAILABILITY = YES_AGGRESSIVE;
				CLANG_WARN_UNREACHABLE_CODE = YES;
				CLANG_WARN__DUPLICATE_METHOD_MATCH = YES;
				COPY_PHASE_STRIP = NO;
				DEBUG_INFORMATION_FORMAT = dwarf;
				ENABLE_STRICT_OBJC_MSGSEND = YES;
				ENABLE_TESTABILITY = YES;
				GCC_C_LANGUAGE_STANDARD = gnu11;
				GCC_DYNAMIC_NO_PIC = NO;
				GCC_NO_COMMON_BLOCKS = YES;
				GCC_OPTIMIZATION_LEVEL = 0;
				GCC_PREPROCESSOR_DEFINITIONS = (
					"DEBUG=1",
					"$(inherited)",
				);
				GCC_WARN_64_TO_32_BIT_CONVERSION = YES;
				GCC_WARN_ABOUT_RETURN_TYPE = YES_ERROR;
				GCC_WARN_UNDECLARED_SELECTOR = YES;
				GCC_WARN_UNINITIALIZED_AUTOS = YES_AGGRESSIVE;
				GCC_WARN_UNUSED_FUNCTION = YES;
				GCC_WARN_UNUSED_VARIABLE = YES;
				IPHONEOS_DEPLOYMENT_TARGET = 15.5;
				MTL_ENABLE_DEBUG_INFO = INCLUDE_SOURCE;
				MTL_FAST_MATH = YES;
				ONLY_ACTIVE_ARCH = YES;
				SDKROOT = iphoneos;
				SWIFT_ACTIVE_COMPILATION_CONDITIONS = DEBUG;
				SWIFT_OPTIMIZATION_LEVEL = "-Onone";
			};
			name = Debug;
		};
		3BCDA6062880BD6600191591 /* Release */ = {
			isa = XCBuildConfiguration;
			buildSettings = {
				ALWAYS_SEARCH_USER_PATHS = NO;
				CLANG_ANALYZER_NONNULL = YES;
				CLANG_ANALYZER_NUMBER_OBJECT_CONVERSION = YES_AGGRESSIVE;
				CLANG_CXX_LANGUAGE_STANDARD = "gnu++17";
				CLANG_ENABLE_MODULES = YES;
				CLANG_ENABLE_OBJC_ARC = YES;
				CLANG_ENABLE_OBJC_WEAK = YES;
				CLANG_WARN_BLOCK_CAPTURE_AUTORELEASING = YES;
				CLANG_WARN_BOOL_CONVERSION = YES;
				CLANG_WARN_COMMA = YES;
				CLANG_WARN_CONSTANT_CONVERSION = YES;
				CLANG_WARN_DEPRECATED_OBJC_IMPLEMENTATIONS = YES;
				CLANG_WARN_DIRECT_OBJC_ISA_USAGE = YES_ERROR;
				CLANG_WARN_DOCUMENTATION_COMMENTS = YES;
				CLANG_WARN_EMPTY_BODY = YES;
				CLANG_WARN_ENUM_CONVERSION = YES;
				CLANG_WARN_INFINITE_RECURSION = YES;
				CLANG_WARN_INT_CONVERSION = YES;
				CLANG_WARN_NON_LITERAL_NULL_CONVERSION = YES;
				CLANG_WARN_OBJC_IMPLICIT_RETAIN_SELF = YES;
				CLANG_WARN_OBJC_LITERAL_CONVERSION = YES;
				CLANG_WARN_OBJC_ROOT_CLASS = YES_ERROR;
				CLANG_WARN_QUOTED_INCLUDE_IN_FRAMEWORK_HEADER = YES;
				CLANG_WARN_RANGE_LOOP_ANALYSIS = YES;
				CLANG_WARN_STRICT_PROTOTYPES = YES;
				CLANG_WARN_SUSPICIOUS_MOVE = YES;
				CLANG_WARN_UNGUARDED_AVAILABILITY = YES_AGGRESSIVE;
				CLANG_WARN_UNREACHABLE_CODE = YES;
				CLANG_WARN__DUPLICATE_METHOD_MATCH = YES;
				COPY_PHASE_STRIP = NO;
				DEBUG_INFORMATION_FORMAT = "dwarf-with-dsym";
				ENABLE_NS_ASSERTIONS = NO;
				ENABLE_STRICT_OBJC_MSGSEND = YES;
				GCC_C_LANGUAGE_STANDARD = gnu11;
				GCC_NO_COMMON_BLOCKS = YES;
				GCC_WARN_64_TO_32_BIT_CONVERSION = YES;
				GCC_WARN_ABOUT_RETURN_TYPE = YES_ERROR;
				GCC_WARN_UNDECLARED_SELECTOR = YES;
				GCC_WARN_UNINITIALIZED_AUTOS = YES_AGGRESSIVE;
				GCC_WARN_UNUSED_FUNCTION = YES;
				GCC_WARN_UNUSED_VARIABLE = YES;
				IPHONEOS_DEPLOYMENT_TARGET = 15.5;
				MTL_ENABLE_DEBUG_INFO = NO;
				MTL_FAST_MATH = YES;
				SDKROOT = iphoneos;
				SWIFT_COMPILATION_MODE = wholemodule;
				SWIFT_OPTIMIZATION_LEVEL = "-O";
				VALIDATE_PRODUCT = YES;
			};
			name = Release;
		};
		3BCDA6082880BD6600191591 /* Debug */ = {
			isa = XCBuildConfiguration;
			buildSettings = {
				ASSETCATALOG_COMPILER_APPICON_NAME = AppIcon;
				ASSETCATALOG_COMPILER_GLOBAL_ACCENT_COLOR_NAME = AccentColor;
				CODE_SIGN_STYLE = Automatic;
				CURRENT_PROJECT_VERSION = 1;
				DEVELOPMENT_ASSET_PATHS = "\"planta-cool-ios-v2/Preview Content\"";
				DEVELOPMENT_TEAM = PU36V4858Q;
				ENABLE_PREVIEWS = YES;
				GENERATE_INFOPLIST_FILE = YES;
				INFOPLIST_KEY_UIApplicationSceneManifest_Generation = YES;
				INFOPLIST_KEY_UIApplicationSupportsIndirectInputEvents = YES;
				INFOPLIST_KEY_UILaunchScreen_Generation = YES;
				INFOPLIST_KEY_UISupportedInterfaceOrientations_iPad = "UIInterfaceOrientationPortrait UIInterfaceOrientationPortraitUpsideDown UIInterfaceOrientationLandscapeLeft UIInterfaceOrientationLandscapeRight";
				INFOPLIST_KEY_UISupportedInterfaceOrientations_iPhone = "UIInterfaceOrientationPortrait UIInterfaceOrientationLandscapeLeft UIInterfaceOrientationLandscapeRight";
				LD_RUNPATH_SEARCH_PATHS = (
					"$(inherited)",
					"@executable_path/Frameworks",
				);
				MARKETING_VERSION = 1.0;
				PRODUCT_BUNDLE_IDENTIFIER = "codes.sanpan.planta-cool-ios-v2";
				PRODUCT_NAME = "$(TARGET_NAME)";
				SWIFT_EMIT_LOC_STRINGS = YES;
				SWIFT_VERSION = 5.0;
				TARGETED_DEVICE_FAMILY = "1,2";
			};
			name = Debug;
		};
		3BCDA6092880BD6600191591 /* Release */ = {
			isa = XCBuildConfiguration;
			buildSettings = {
				ASSETCATALOG_COMPILER_APPICON_NAME = AppIcon;
				ASSETCATALOG_COMPILER_GLOBAL_ACCENT_COLOR_NAME = AccentColor;
				CODE_SIGN_STYLE = Automatic;
				CURRENT_PROJECT_VERSION = 1;
				DEVELOPMENT_ASSET_PATHS = "\"planta-cool-ios-v2/Preview Content\"";
				DEVELOPMENT_TEAM = PU36V4858Q;
				ENABLE_PREVIEWS = YES;
				GENERATE_INFOPLIST_FILE = YES;
				INFOPLIST_KEY_UIApplicationSceneManifest_Generation = YES;
				INFOPLIST_KEY_UIApplicationSupportsIndirectInputEvents = YES;
				INFOPLIST_KEY_UILaunchScreen_Generation = YES;
				INFOPLIST_KEY_UISupportedInterfaceOrientations_iPad = "UIInterfaceOrientationPortrait UIInterfaceOrientationPortraitUpsideDown UIInterfaceOrientationLandscapeLeft UIInterfaceOrientationLandscapeRight";
				INFOPLIST_KEY_UISupportedInterfaceOrientations_iPhone = "UIInterfaceOrientationPortrait UIInterfaceOrientationLandscapeLeft UIInterfaceOrientationLandscapeRight";
				LD_RUNPATH_SEARCH_PATHS = (
					"$(inherited)",
					"@executable_path/Frameworks",
				);
				MARKETING_VERSION = 1.0;
				PRODUCT_BUNDLE_IDENTIFIER = "codes.sanpan.planta-cool-ios-v2";
				PRODUCT_NAME = "$(TARGET_NAME)";
				SWIFT_EMIT_LOC_STRINGS = YES;
				SWIFT_VERSION = 5.0;
				TARGETED_DEVICE_FAMILY = "1,2";
			};
			name = Release;
		};
/* End XCBuildConfiguration section */

/* Begin XCConfigurationList section */
		3BCDA5F42880BD6400191591 /* Build configuration list for PBXProject "planta-cool-ios-v2" */ = {
			isa = XCConfigurationList;
			buildConfigurations = (
				3BCDA6052880BD6600191591 /* Debug */,
				3BCDA6062880BD6600191591 /* Release */,
			);
			defaultConfigurationIsVisible = 0;
			defaultConfigurationName = Release;
		};
		3BCDA6072880BD6600191591 /* Build configuration list for PBXNativeTarget "planta-cool-ios-v2" */ = {
			isa = XCConfigurationList;
			buildConfigurations = (
				3BCDA6082880BD6600191591 /* Debug */,
				3BCDA6092880BD6600191591 /* Release */,
			);
			defaultConfigurationIsVisible = 0;
			defaultConfigurationName = Release;
		};
/* End XCConfigurationList section */

/* Begin XCRemoteSwiftPackageReference section */
		3BF262982880BFFF00E2626B /* XCRemoteSwiftPackageReference "firebase-ios-sdk" */ = {
			isa = XCRemoteSwiftPackageReference;
			repositoryURL = "https://github.com/firebase/firebase-ios-sdk";
			requirement = {
				kind = upToNextMajorVersion;
				minimumVersion = 9.0.0;
			};
		};
/* End XCRemoteSwiftPackageReference section */

/* Begin XCSwiftPackageProductDependency section */
		3BF262992880BFFF00E2626B /* FirebaseAnalytics */ = {
			isa = XCSwiftPackageProductDependency;
			package = 3BF262982880BFFF00E2626B /* XCRemoteSwiftPackageReference "firebase-ios-sdk" */;
			productName = FirebaseAnalytics;
		};
		3BF2629B2880BFFF00E2626B /* FirebaseAnalyticsSwift */ = {
			isa = XCSwiftPackageProductDependency;
			package = 3BF262982880BFFF00E2626B /* XCRemoteSwiftPackageReference "firebase-ios-sdk" */;
			productName = FirebaseAnalyticsSwift;
		};
		3BF2629D2880BFFF00E2626B /* FirebaseAuth */ = {
			isa = XCSwiftPackageProductDependency;
			package = 3BF262982880BFFF00E2626B /* XCRemoteSwiftPackageReference "firebase-ios-sdk" */;
			productName = FirebaseAuth;
		};
		3BF2629F2880BFFF00E2626B /* FirebaseDatabase */ = {
			isa = XCSwiftPackageProductDependency;
			package = 3BF262982880BFFF00E2626B /* XCRemoteSwiftPackageReference "firebase-ios-sdk" */;
			productName = FirebaseDatabase;
		};
		3BF262A12880C00000E2626B /* FirebaseDatabaseSwift */ = {
			isa = XCSwiftPackageProductDependency;
			package = 3BF262982880BFFF00E2626B /* XCRemoteSwiftPackageReference "firebase-ios-sdk" */;
			productName = FirebaseDatabaseSwift;
		};
		3BF262A32880C00000E2626B /* FirebaseFirestore */ = {
			isa = XCSwiftPackageProductDependency;
			package = 3BF262982880BFFF00E2626B /* XCRemoteSwiftPackageReference "firebase-ios-sdk" */;
			productName = FirebaseFirestore;
		};
		3BF262A52880C00000E2626B /* FirebaseFirestoreSwift */ = {
			isa = XCSwiftPackageProductDependency;
			package = 3BF262982880BFFF00E2626B /* XCRemoteSwiftPackageReference "firebase-ios-sdk" */;
			productName = FirebaseFirestoreSwift;
		};
		3BF262A72880C00000E2626B /* FirebaseStorage */ = {
			isa = XCSwiftPackageProductDependency;
			package = 3BF262982880BFFF00E2626B /* XCRemoteSwiftPackageReference "firebase-ios-sdk" */;
			productName = FirebaseStorage;
		};
/* End XCSwiftPackageProductDependency section */
	};
	rootObject = 3BCDA5F12880BD6400191591 /* Project object */;
}
